<?xml version="1.0" encoding="utf-8"?>
<Project ToolsVersion="4.0" xmlns="http://schemas.microsoft.com/developer/msbuild/2003">
  <ItemGroup>
    <Filter Include="Source Files">
      <UniqueIdentifier>{4FC737F1-C7A5-4376-A066-2A32D752A2FF}</UniqueIdentifier>
      <Extensions>cpp;c;cc;cxx;def;odl;idl;hpj;bat;asm;asmx</Extensions>
    </Filter>
    <Filter Include="Header Files">
      <UniqueIdentifier>{93995380-89BD-4b04-88EB-625FBE52EBFB}</UniqueIdentifier>
      <Extensions>h;hh;hpp;hxx;hm;inl;inc;xsd</Extensions>
    </Filter>
    <Filter Include="Resource Files">
      <UniqueIdentifier>{67DA6AB6-F800-4c08-8B7A-83BB121AAD01}</UniqueIdentifier>
      <Extensions>rc;ico;cur;bmp;dlg;rc2;rct;bin;rgs;gif;jpg;jpeg;jpe;resx;tiff;tif;png;wav;mfcribbon-ms</Extensions>
    </Filter>
  </ItemGroup>
  <ItemGroup>
    <ClInclude Include="unistd.h">
      <Filter>Header Files</Filter>
    </ClInclude>
    <ClInclude Include="AAM_Basic.h">
      <Filter>Header Files</Filter>
    </ClInclude>
    <ClInclude Include="AAM_CAM.h">
      <Filter>Header Files</Filter>
    </ClInclude>
    <ClInclude Include="AAM_Config.h">
      <Filter>Header Files</Filter>
    </ClInclude>
    <ClInclude Include="AAM_IC.h">
      <Filter>Header Files</Filter>
    </ClInclude>
    <ClInclude Include="AAM_PAW.h">
      <Filter>Header Files</Filter>
    </ClInclude>
    <ClInclude Include="AAM_PDM.h">
      <Filter>Header Files</Filter>
    </ClInclude>
    <ClInclude Include="AAM_TDM.h">
      <Filter>Header Files</Filter>
    </ClInclude>
    <ClInclude Include="AAM_Shape.h">
      <Filter>Header Files</Filter>
    </ClInclude>
    <ClInclude Include="AAM_Util.h">
      <Filter>Header Files</Filter>
    </ClInclude>
    <ClInclude Include="AAM_VJFaceDetect.h">
      <Filter>Header Files</Filter>
    </ClInclude>
    <ClInclude Include="AgeEstimation.h">
      <Filter>Header Files</Filter>
    </ClInclude>
    <ClInclude Include="FacePredict.h">
      <Filter>Header Files</Filter>
    </ClInclude>
  </ItemGroup>
  <ItemGroup>
    <ClCompile Include="AAM_Basic.cpp">
      <Filter>Source Files</Filter>
    </ClCompile>
    <ClCompile Include="AAM_CAM.cpp">
      <Filter>Source Files</Filter>
    </ClCompile>
    <ClCompile Include="AAM_IC.cpp">
      <Filter>Source Files</Filter>
    </ClCompile>
    <ClCompile Include="AAM_PAW.cpp">
      <Filter>Source Files</Filter>
    </ClCompile>
    <ClCompile Include="AAM_PDM.cpp">
      <Filter>Source Files</Filter>
    </ClCompile>
    <ClCompile Include="AAM_Shape.cpp">
      <Filter>Source Files</Filter>
    </ClCompile>
    <ClCompile Include="AAM_TDM.cpp">
      <Filter>Source Files</Filter>
    </ClCompile>
    <ClCompile Include="AAM_Util.cpp">
      <Filter>Source Files</Filter>
    </ClCompile>
    <ClCompile Include="AAM_VJFaceDetect.cpp">
      <Filter>Source Files</Filter>
    </ClCompile>
    <ClCompile Include="AgeEstimation.cpp">
      <Filter>Source Files</Filter>
    </ClCompile>
    <ClCompile Include="FacePredict.cpp">
      <Filter>Source Files</Filter>
    </ClCompile>
    <ClCompile Include="main.cpp">
      <Filter>Source Files</Filter>
    </ClCompile>
  </ItemGroup>
  <ItemGroup>
    <None Include="age.depend">
      <Filter>Source Files</Filter>
    </None>
    <None Include="age.layout">
      <Filter>Source Files</Filter>
    </None>
    <None Include="LICENSE">
      <Filter>Source Files</Filter>
    </None>
    <None Include="README.md">
      <Filter>Resource Files</Filter>
    </None>
  </ItemGroup>
  <ItemGroup>
    <Xml Include="haarcascade_frontalface_alt2.xml">
      <Filter>Resource Files</Filter>
    </Xml>
    <Xml Include="SVM_AAM.xml">
      <Filter>Resource Files</Filter>
    </Xml>
  </ItemGroup>
  <ItemGroup>
    <Image Include="input.jpg">
      <Filter>Resource Files</Filter>
    </Image>
  </ItemGroup>
</Project>